
Microsoft Visual Studio Solution File, Format Version 12.00
# Visual Studio 15
VisualStudioVersion = 15.0.28307.421
MinimumVisualStudioVersion = 10.0.40219.1
Project("{FAE04EC0-301F-11D3-BF4B-00C04F79EFBC}") = "Exec-resolvido", "Exec-resolvido\Exec-resolvido.csproj", "{77F886A9-B4A7-4769-B5A3-490AAE8FD3E2}"
EndProject
Global
	GlobalSection(SolutionConfigurationPlatforms) = preSolution
		Debug|Any CPU = Debug|Any CPU
		Release|Any CPU = Release|Any CPU
	EndGlobalSection
	GlobalSection(ProjectConfigurationPlatforms) = postSolution
		{77F886A9-B4A7-4769-B5A3-490AAE8FD3E2}.Debug|Any CPU.ActiveCfg = Debug|Any CPU
		{77F886A9-B4A7-4769-B5A3-490AAE8FD3E2}.Debug|Any CPU.Build.0 = Debug|Any CPU
		{77F886A9-B4A7-4769-B5A3-490AAE8FD3E2}.Release|Any CPU.ActiveCfg = Release|Any CPU
		{77F886A9-B4A7-4769-B5A3-490AAE8FD3E2}.Release|Any CPU.Build.0 = Release|Any CPU
	EndGlobalSection
	GlobalSection(SolutionProperties) = preSolution
		HideSolutionNode = FALSE
	EndGlobalSection
	GlobalSection(ExtensibilityGlobals) = postSolution
		SolutionGuid = {CB065D71-BCA1-4A98-AC89-F8D47B96B404}
	EndGlobalSection
EndGlobal
