
Microsoft Visual Studio Solution File, Format Version 12.00
# Visual Studio 15
VisualStudioVersion = 15.0.28307.421
MinimumVisualStudioVersion = 10.0.40219.1
Project("{FAE04EC0-301F-11D3-BF4B-00C04F79EFBC}") = "Exec1", "Exec1\Exec1.csproj", "{A42304F4-C12E-4A83-B396-65D606742D55}"
EndProject
Project("{FAE04EC0-301F-11D3-BF4B-00C04F79EFBC}") = "exex4", "exex4\exex4.csproj", "{AE02206F-87C7-42F6-A7D6-70DD2CD4ACD9}"
EndProject
Global
	GlobalSection(SolutionConfigurationPlatforms) = preSolution
		Debug|Any CPU = Debug|Any CPU
		Release|Any CPU = Release|Any CPU
	EndGlobalSection
	GlobalSection(ProjectConfigurationPlatforms) = postSolution
		{A42304F4-C12E-4A83-B396-65D606742D55}.Debug|Any CPU.ActiveCfg = Debug|Any CPU
		{A42304F4-C12E-4A83-B396-65D606742D55}.Debug|Any CPU.Build.0 = Debug|Any CPU
		{A42304F4-C12E-4A83-B396-65D606742D55}.Release|Any CPU.ActiveCfg = Release|Any CPU
		{A42304F4-C12E-4A83-B396-65D606742D55}.Release|Any CPU.Build.0 = Release|Any CPU
		{AE02206F-87C7-42F6-A7D6-70DD2CD4ACD9}.Debug|Any CPU.ActiveCfg = Debug|Any CPU
		{AE02206F-87C7-42F6-A7D6-70DD2CD4ACD9}.Debug|Any CPU.Build.0 = Debug|Any CPU
		{AE02206F-87C7-42F6-A7D6-70DD2CD4ACD9}.Release|Any CPU.ActiveCfg = Release|Any CPU
		{AE02206F-87C7-42F6-A7D6-70DD2CD4ACD9}.Release|Any CPU.Build.0 = Release|Any CPU
	EndGlobalSection
	GlobalSection(SolutionProperties) = preSolution
		HideSolutionNode = FALSE
	EndGlobalSection
	GlobalSection(ExtensibilityGlobals) = postSolution
		SolutionGuid = {D074C2C6-8E73-47D2-9E90-414943B40555}
	EndGlobalSection
EndGlobal
